<?xml version="1.0" encoding="utf-8"?>
<Project ToolsVersion="4.0" xmlns="http://schemas.microsoft.com/developer/msbuild/2003">
  <ItemGroup>
    <Filter Include="Source Files">
      <UniqueIdentifier>{4FC737F1-C7A5-4376-A066-2A32D752A2FF}</UniqueIdentifier>
      <Extensions>cpp;c;cc;cxx;def;odl;idl;hpj;bat;asm;asmx</Extensions>
    </Filter>
    <Filter Include="Header Files">
      <UniqueIdentifier>{93995380-89BD-4b04-88EB-625FBE52EBFB}</UniqueIdentifier>
      <Extensions>h;hh;hpp;hxx;hm;inl;inc;xsd</Extensions>
    </Filter>
    <Filter Include="Resource Files">
      <UniqueIdentifier>{67DA6AB6-F800-4c08-8B7A-83BB121AAD01}</UniqueIdentifier>
      <Extensions>rc;ico;cur;bmp;dlg;rc2;rct;bin;rgs;gif;jpg;jpeg;jpe;resx;tiff;tif;png;wav;mfcribbon-ms</Extensions>
    </Filter>
  </ItemGroup>
  <ItemGroup>
    <ClCompile Include="main.cpp">
      <Filter>Source Files</Filter>
    </ClCompile>
    <ClCompile Include="head_tracker.cpp">
      <Filter>Source Files</Filter>
    </ClCompile>
    <ClCompile Include="utils.cpp">
      <Filter>Source Files</Filter>
    </ClCompile>
    <ClCompile Include="head_data.cpp">
      <Filter>Source Files</Filter>
    </ClCompile>
    <ClCompile Include="depth_frame_data.cpp">
      <Filter>Source Files</Filter>
    </ClCompile>
    <ClCompile Include="yal.cpp">
      <Filter>Source Files</Filter>
    </ClCompile>
    <ClCompile Include="logger_subscriber.cpp">
      <Filter>Source Files</Filter>
    </ClCompile>
    <ClCompile Include="head_data_smoothener.cpp">
      <Filter>Source Files</Filter>
    </ClCompile>
    <ClCompile Include="head_data_filter.cpp">
      <Filter>Source Files</Filter>
    </ClCompile>
    <ClCompile Include="average_head_positioning.cpp">
      <Filter>Source Files</Filter>
    </ClCompile>
    <ClCompile Include="dcs_client.cpp">
      <Filter>Source Files</Filter>
    </ClCompile>
    <ClCompile Include="head_data_normalizer.cpp">
      <Filter>Source Files</Filter>
    </ClCompile>
    <ClCompile Include="head_data_multiplier.cpp">
      <Filter>Source Files</Filter>
    </ClCompile>
    <ClCompile Include="normalized_head_data.cpp">
      <Filter>Source Files</Filter>
    </ClCompile>
  </ItemGroup>
  <ItemGroup>
    <ClInclude Include="head_tracker.h">
      <Filter>Header Files</Filter>
    </ClInclude>
    <ClInclude Include="utils.h">
      <Filter>Header Files</Filter>
    </ClInclude>
    <ClInclude Include="yal.h">
      <Filter>Header Files</Filter>
    </ClInclude>
    <ClInclude Include="resource.h">
      <Filter>Header Files</Filter>
    </ClInclude>
    <ClInclude Include="head_data.h">
      <Filter>Header Files</Filter>
    </ClInclude>
    <ClInclude Include="depth_frame_data.h">
      <Filter>Header Files</Filter>
    </ClInclude>
    <ClInclude Include="publisher.h">
      <Filter>Header Files</Filter>
    </ClInclude>
    <ClInclude Include="subscriber.h">
      <Filter>Header Files</Filter>
    </ClInclude>
    <ClInclude Include="logger_subscriber.h">
      <Filter>Header Files</Filter>
    </ClInclude>
    <ClInclude Include="head_data_smoothener.h">
      <Filter>Header Files</Filter>
    </ClInclude>
    <ClInclude Include="head_data_filter.h">
      <Filter>Header Files</Filter>
    </ClInclude>
    <ClInclude Include="average_head_positioning.h">
      <Filter>Header Files</Filter>
    </ClInclude>
    <ClInclude Include="dcs_client.h">
      <Filter>Header Files</Filter>
    </ClInclude>
    <ClInclude Include="head_data_normalizer.h">
      <Filter>Header Files</Filter>
    </ClInclude>
    <ClInclude Include="head_data_multiplier.h">
      <Filter>Header Files</Filter>
    </ClInclude>
    <ClInclude Include="normalized_head_data.h">
      <Filter>Header Files</Filter>
    </ClInclude>
  </ItemGroup>
  <ItemGroup>
    <ResourceCompile Include="Kinect-2.rc">
      <Filter>Resource Files</Filter>
    </ResourceCompile>
  </ItemGroup>
  <ItemGroup>
    <None Include="packages.config" />
  </ItemGroup>
  <ItemGroup>
    <Text Include="todo.txt" />
  </ItemGroup>
</Project>